
Microsoft Visual Studio Solution File, Format Version 12.00
# Visual Studio 14
VisualStudioVersion = 14.0.25420.1
MinimumVisualStudioVersion = 10.0.40219.1
Project("{2150E333-8FDC-42A3-9474-1A3956D46DE8}") = "src", "src", "{0A2BCD90-33D1-48F9-8B4E-C23AE3CAB83D}"
EndProject
Project("{2150E333-8FDC-42A3-9474-1A3956D46DE8}") = "Solution Items", "Solution Items", "{C1FFC071-C800-4199-B578-800E3B670DB1}"
	ProjectSection(SolutionItems) = preProject
		global.json = global.json
	EndProjectSection
EndProject
Project("{8BB2217D-0F2D-49D1-97BC-3654ED321F3B}") = "AdventureWorksAPI", "src\AdventureWorksAPI\AdventureWorksAPI.xproj", "{0ABE816E-2511-47EE-8875-E7E9A43AEB5F}"
EndProject
Project("{8BB2217D-0F2D-49D1-97BC-3654ED321F3B}") = "AdventureWorksAPI.Tests", "test\AdventureWorksAPI.Tests\AdventureWorksAPI.Tests.xproj", "{34C03A2A-886E-48A2-BCF2-8B0F800AECD2}"
EndProject
Project("{2150E333-8FDC-42A3-9474-1A3956D46DE8}") = "test", "test", "{B35FB47D-7103-41FD-B29F-0A723B194F76}"
EndProject
Project("{8BB2217D-0F2D-49D1-97BC-3654ED321F3B}") = "AdventureWorksAPI.Core", "src\AdventureWorksAPI.Core\AdventureWorksAPI.Core.xproj", "{3C24E260-2340-499F-AD15-EF0FD4100569}"
EndProject
Global
	GlobalSection(SolutionConfigurationPlatforms) = preSolution
		Debug|Any CPU = Debug|Any CPU
		Release|Any CPU = Release|Any CPU
	EndGlobalSection
	GlobalSection(ProjectConfigurationPlatforms) = postSolution
		{0ABE816E-2511-47EE-8875-E7E9A43AEB5F}.Debug|Any CPU.ActiveCfg = Debug|Any CPU
		{0ABE816E-2511-47EE-8875-E7E9A43AEB5F}.Debug|Any CPU.Build.0 = Debug|Any CPU
		{0ABE816E-2511-47EE-8875-E7E9A43AEB5F}.Release|Any CPU.ActiveCfg = Release|Any CPU
		{0ABE816E-2511-47EE-8875-E7E9A43AEB5F}.Release|Any CPU.Build.0 = Release|Any CPU
		{34C03A2A-886E-48A2-BCF2-8B0F800AECD2}.Debug|Any CPU.ActiveCfg = Debug|Any CPU
		{34C03A2A-886E-48A2-BCF2-8B0F800AECD2}.Debug|Any CPU.Build.0 = Debug|Any CPU
		{34C03A2A-886E-48A2-BCF2-8B0F800AECD2}.Release|Any CPU.ActiveCfg = Release|Any CPU
		{34C03A2A-886E-48A2-BCF2-8B0F800AECD2}.Release|Any CPU.Build.0 = Release|Any CPU
		{3C24E260-2340-499F-AD15-EF0FD4100569}.Debug|Any CPU.ActiveCfg = Debug|Any CPU
		{3C24E260-2340-499F-AD15-EF0FD4100569}.Debug|Any CPU.Build.0 = Debug|Any CPU
		{3C24E260-2340-499F-AD15-EF0FD4100569}.Release|Any CPU.ActiveCfg = Release|Any CPU
		{3C24E260-2340-499F-AD15-EF0FD4100569}.Release|Any CPU.Build.0 = Release|Any CPU
	EndGlobalSection
	GlobalSection(SolutionProperties) = preSolution
		HideSolutionNode = FALSE
	EndGlobalSection
	GlobalSection(NestedProjects) = preSolution
		{0ABE816E-2511-47EE-8875-E7E9A43AEB5F} = {0A2BCD90-33D1-48F9-8B4E-C23AE3CAB83D}
		{34C03A2A-886E-48A2-BCF2-8B0F800AECD2} = {B35FB47D-7103-41FD-B29F-0A723B194F76}
		{3C24E260-2340-499F-AD15-EF0FD4100569} = {0A2BCD90-33D1-48F9-8B4E-C23AE3CAB83D}
	EndGlobalSection
EndGlobal
