
Microsoft Visual Studio Solution File, Format Version 12.00
# Visual Studio 15
VisualStudioVersion = 15.0.28010.2026
MinimumVisualStudioVersion = 10.0.40219.1
Project("{FAE04EC0-301F-11D3-BF4B-00C04F79EFBC}") = "WideWorldImporters.API", "WideWorldImporters.API\WideWorldImporters.API.csproj", "{3A9890F3-9659-4099-B060-5D236D8C50B6}"
EndProject
Global
	GlobalSection(SolutionConfigurationPlatforms) = preSolution
		Debug|Any CPU = Debug|Any CPU
		Release|Any CPU = Release|Any CPU
	EndGlobalSection
	GlobalSection(ProjectConfigurationPlatforms) = postSolution
		{3A9890F3-9659-4099-B060-5D236D8C50B6}.Debug|Any CPU.ActiveCfg = Debug|Any CPU
		{3A9890F3-9659-4099-B060-5D236D8C50B6}.Debug|Any CPU.Build.0 = Debug|Any CPU
		{3A9890F3-9659-4099-B060-5D236D8C50B6}.Release|Any CPU.ActiveCfg = Release|Any CPU
		{3A9890F3-9659-4099-B060-5D236D8C50B6}.Release|Any CPU.Build.0 = Release|Any CPU
	EndGlobalSection
	GlobalSection(SolutionProperties) = preSolution
		HideSolutionNode = FALSE
	EndGlobalSection
	GlobalSection(ExtensibilityGlobals) = postSolution
		SolutionGuid = {61F62D71-B314-4E39-A304-97BDDAA91D80}
	EndGlobalSection
EndGlobal
