
Microsoft Visual Studio Solution File, Format Version 12.00
# Visual Studio Version 17
VisualStudioVersion = 17.11.35327.3
MinimumVisualStudioVersion = 10.0.40219.1
Project("{FAE04EC0-301F-11D3-BF4B-00C04F79EFBC}") = "MudBlazorWebApp1", "MudBlazorWebApp1\MudBlazorWebApp1.csproj", "{92C5066F-DEE2-4FBE-B6B9-4B37AEDD5F84}"
EndProject
Project("{FAE04EC0-301F-11D3-BF4B-00C04F79EFBC}") = "MudBlazorWebApp1.Client", "MudBlazorWebApp1.Client\MudBlazorWebApp1.Client.csproj", "{BE88E460-0156-4EBD-994F-5A184AEC735E}"
EndProject
Global
	GlobalSection(SolutionConfigurationPlatforms) = preSolution
		Debug|Any CPU = Debug|Any CPU
		Release|Any CPU = Release|Any CPU
	EndGlobalSection
	GlobalSection(ProjectConfigurationPlatforms) = postSolution
		{92C5066F-DEE2-4FBE-B6B9-4B37AEDD5F84}.Debug|Any CPU.ActiveCfg = Debug|Any CPU
		{92C5066F-DEE2-4FBE-B6B9-4B37AEDD5F84}.Debug|Any CPU.Build.0 = Debug|Any CPU
		{92C5066F-DEE2-4FBE-B6B9-4B37AEDD5F84}.Release|Any CPU.ActiveCfg = Release|Any CPU
		{92C5066F-DEE2-4FBE-B6B9-4B37AEDD5F84}.Release|Any CPU.Build.0 = Release|Any CPU
		{BE88E460-0156-4EBD-994F-5A184AEC735E}.Debug|Any CPU.ActiveCfg = Debug|Any CPU
		{BE88E460-0156-4EBD-994F-5A184AEC735E}.Debug|Any CPU.Build.0 = Debug|Any CPU
		{BE88E460-0156-4EBD-994F-5A184AEC735E}.Release|Any CPU.ActiveCfg = Release|Any CPU
		{BE88E460-0156-4EBD-994F-5A184AEC735E}.Release|Any CPU.Build.0 = Release|Any CPU
	EndGlobalSection
	GlobalSection(SolutionProperties) = preSolution
		HideSolutionNode = FALSE
	EndGlobalSection
	GlobalSection(ExtensibilityGlobals) = postSolution
		SolutionGuid = {B91C8CE6-DFF1-45C6-B716-F7DE37EF4FF0}
	EndGlobalSection
EndGlobal
